
Microsoft Visual Studio Solution File, Format Version 12.00
# Visual Studio 15
VisualStudioVersion = 15.0.28010.2003
MinimumVisualStudioVersion = 10.0.40219.1
Project("{FAE04EC0-301F-11D3-BF4B-00C04F79EFBC}") = "4955_Kalkulator_liczb_Zespolonych", "4955_Kalkulator_liczb_Zespolonych\4955_Kalkulator_liczb_Zespolonych.csproj", "{A183B49F-6423-48FF-AF67-FB4D548757FA}"
EndProject
Project("{2150E333-8FDC-42A3-9474-1A3956D46DE8}") = "Solution Items", "Solution Items", "{D307AAE1-99DE-45B0-82C1-2B1F17C9E6B7}"
	ProjectSection(SolutionItems) = preProject
		..\4955_LICZBY_ZESPOLONE\4955_LICZBY_ZESPOLONE\LiczbaZespolona.cs = ..\4955_LICZBY_ZESPOLONE\4955_LICZBY_ZESPOLONE\LiczbaZespolona.cs
	EndProjectSection
EndProject
Global
	GlobalSection(Performance) = preSolution
		HasPerformanceSessions = true
	EndGlobalSection
	GlobalSection(SolutionConfigurationPlatforms) = preSolution
		Debug|Any CPU = Debug|Any CPU
		Release|Any CPU = Release|Any CPU
	EndGlobalSection
	GlobalSection(ProjectConfigurationPlatforms) = postSolution
		{A183B49F-6423-48FF-AF67-FB4D548757FA}.Debug|Any CPU.ActiveCfg = Debug|Any CPU
		{A183B49F-6423-48FF-AF67-FB4D548757FA}.Debug|Any CPU.Build.0 = Debug|Any CPU
		{A183B49F-6423-48FF-AF67-FB4D548757FA}.Release|Any CPU.ActiveCfg = Release|Any CPU
		{A183B49F-6423-48FF-AF67-FB4D548757FA}.Release|Any CPU.Build.0 = Release|Any CPU
	EndGlobalSection
	GlobalSection(SolutionProperties) = preSolution
		HideSolutionNode = FALSE
	EndGlobalSection
	GlobalSection(ExtensibilityGlobals) = postSolution
		SolutionGuid = {F34D80CC-6E23-4754-8920-8E79587C9885}
	EndGlobalSection
EndGlobal
